PODS:
  - Alloy (0.10.0):
    - Alloy/Core (= 0.10.0)
  - Alloy/Core (0.10.0)
  - Alloy/Shaders (0.10.0):
    - Alloy/Core

DEPENDENCIES:
  - Alloy (from `../`)
  - Alloy/Shaders (from `../`)

EXTERNAL SOURCES:
  Alloy:
    :path: "../"

SPEC CHECKSUMS:
  Alloy: e10f7986f368ef362e4d86e03bb88cbf2513663c

PODFILE CHECKSUM: 4705d26d1f70590bbf791c9e43509db5a79e6f6e

COCOAPODS: 1.6.1
