PODS:
  - Alloy (0.15.0):
    - Alloy/Core (= 0.15.0)
  - Alloy/Core (0.15.0)
  - Alloy/ML (0.15.0):
    - Alloy/Core
  - Alloy/Shaders (0.15.0):
    - Alloy/Core
  - SwiftMath (3.2.0)

DEPENDENCIES:
  - Alloy (from `../`)
  - Alloy/ML (from `../`)
  - Alloy/Shaders (from `../`)
  - SwiftMath

SPEC REPOS:
  trunk:
    - SwiftMath

EXTERNAL SOURCES:
  Alloy:
    :path: "../"

SPEC CHECKSUMS:
  Alloy: 84e03ebb5735cd42203396a4d28f019079369f28
  SwiftMath: d010d63f42454f782680c28df987323b08a85caa

PODFILE CHECKSUM: 0e625e0798aefa71c5baa3004987245f7e468dd7

COCOAPODS: 1.9.3
