PODS:
  - Alloy (0.14.2):
    - Alloy/Core (= 0.14.2)
  - Alloy/Core (0.14.2)
  - Alloy/ML (0.14.2):
    - Alloy/Core
  - Alloy/Shaders (0.14.2):
    - Alloy/Core
  - SwiftMath (3.2.0)

DEPENDENCIES:
  - Alloy (from `../`)
  - Alloy/ML (from `../`)
  - Alloy/Shaders (from `../`)
  - SwiftMath

SPEC REPOS:
  trunk:
    - SwiftMath

EXTERNAL SOURCES:
  Alloy:
    :path: "../"

SPEC CHECKSUMS:
  Alloy: 2820c12392d74f1e83741dac2a236a355bfe3c6a
  SwiftMath: d010d63f42454f782680c28df987323b08a85caa

PODFILE CHECKSUM: 0e625e0798aefa71c5baa3004987245f7e468dd7

COCOAPODS: 1.9.3
